
Microsoft Visual Studio Solution File, Format Version 12.00
# Visual Studio 15
VisualStudioVersion = 15.0.27130.0
MinimumVisualStudioVersion = 10.0.40219.1
Project("{FAE04EC0-301F-11D3-BF4B-00C04F79EFBC}") = "aldiger", "aldiger\aldiger.csproj", "{FF638436-67C7-4436-8396-52A1AA8C7251}"
EndProject
Global
	GlobalSection(SolutionConfigurationPlatforms) = preSolution
		Debug|Any CPU = Debug|Any CPU
		Release|Any CPU = Release|Any CPU
	EndGlobalSection
	GlobalSection(ProjectConfigurationPlatforms) = postSolution
		{FF638436-67C7-4436-8396-52A1AA8C7251}.Debug|Any CPU.ActiveCfg = Debug|Any CPU
		{FF638436-67C7-4436-8396-52A1AA8C7251}.Debug|Any CPU.Build.0 = Debug|Any CPU
		{FF638436-67C7-4436-8396-52A1AA8C7251}.Release|Any CPU.ActiveCfg = Release|Any CPU
		{FF638436-67C7-4436-8396-52A1AA8C7251}.Release|Any CPU.Build.0 = Release|Any CPU
	EndGlobalSection
	GlobalSection(SolutionProperties) = preSolution
		HideSolutionNode = FALSE
	EndGlobalSection
	GlobalSection(ExtensibilityGlobals) = postSolution
		SolutionGuid = {74F13CC9-3A95-47AA-9850-3AE0DB7B6ECF}
	EndGlobalSection
EndGlobal
